PODS:
  - Flutter (1.0.0)
  - integration_test (0.0.1):
    - Flutter
  - ngenius_payment_gatway (0.0.1):
    - Flutter
    - NISdk
  - NISdk (5.1.6)

DEPENDENCIES:
  - Flutter (from `Flutter`)
  - integration_test (from `.symlinks/plugins/integration_test/ios`)
  - ngenius_payment_gatway (from `.symlinks/plugins/ngenius_payment_gatway/ios`)

SPEC REPOS:
  trunk:
    - NISdk

EXTERNAL SOURCES:
  Flutter:
    :path: Flutter
  integration_test:
    :path: ".symlinks/plugins/integration_test/ios"
  ngenius_payment_gatway:
    :path: ".symlinks/plugins/ngenius_payment_gatway/ios"

SPEC CHECKSUMS:
  Flutter: e0871f40cf51350855a761d2e70bf5af5b9b5de7
  integration_test: 252f60fa39af5e17c3aa9899d35d908a0721b573
  ngenius_payment_gatway: a9ad27826cc6b01af0172429903b88fd90bcd755
  NISdk: 6ea36e626a0407fe01e6185b4b536af3b1fd4d9f

PODFILE CHECKSUM: 819463e6a0290f5a72f145ba7cde16e8b6ef0796

COCOAPODS: 1.15.2
